
Microsoft Visual Studio Solution File, Format Version 12.00
# Visual Studio Version 17
VisualStudioVersion = 17.13.35825.156 d17.13
MinimumVisualStudioVersion = 10.0.40219.1
Project("{FAE04EC0-301F-11D3-BF4B-00C04F79EFBC}") = "frontend", "frontend\frontend.csproj", "{F6AAFB6E-136D-4419-83FB-39425A0BACA6}"
EndProject
Global
	GlobalSection(SolutionConfigurationPlatforms) = preSolution
		Debug|Any CPU = Debug|Any CPU
		Release|Any CPU = Release|Any CPU
	EndGlobalSection
	GlobalSection(ProjectConfigurationPlatforms) = postSolution
		{F6AAFB6E-136D-4419-83FB-39425A0BACA6}.Debug|Any CPU.ActiveCfg = Debug|Any CPU
		{F6AAFB6E-136D-4419-83FB-39425A0BACA6}.Debug|Any CPU.Build.0 = Debug|Any CPU
		{F6AAFB6E-136D-4419-83FB-39425A0BACA6}.Release|Any CPU.ActiveCfg = Release|Any CPU
		{F6AAFB6E-136D-4419-83FB-39425A0BACA6}.Release|Any CPU.Build.0 = Release|Any CPU
	EndGlobalSection
	GlobalSection(SolutionProperties) = preSolution
		HideSolutionNode = FALSE
	EndGlobalSection
	GlobalSection(ExtensibilityGlobals) = postSolution
		SolutionGuid = {9D1008CE-CA8C-45BF-9C2C-6CCAF786AD94}
	EndGlobalSection
EndGlobal
